// !$*UTF8*$!
{
	archiveVersion = 1;
	classes = {
	};
	objectVersion = 77;
	objects = {

/* Begin PBXContainerItemProxy section */
		35CAF6C92CA7079F00669502 /* PBXContainerItemProxy */ = {
			isa = PBXContainerItemProxy;
			containerPortal = 35CAF6AA2CA7079D00669502 /* Project object */;
			proxyType = 1;
			remoteGlobalIDString = 35CAF6B12CA7079D00669502;
			remoteInfo = boceto_3;
		};
		35CAF6D32CA7079F00669502 /* PBXContainerItemProxy */ = {
			isa = PBXContainerItemProxy;
			containerPortal = 35CAF6AA2CA7079D00669502 /* Project object */;
			proxyType = 1;
			remoteGlobalIDString = 35CAF6B12CA7079D00669502;
			remoteInfo = boceto_3;
		};
/* End PBXContainerItemProxy section */

/* Begin PBXFileReference section */
		35CAF6B22CA7079D00669502 /* boceto_3.app */ = {isa = PBXFileReference; explicitFileType = wrapper.application; includeInIndex = 0; path = boceto_3.app; sourceTree = BUILT_PRODUCTS_DIR; };
		35CAF6C82CA7079F00669502 /* boceto_3Tests.xctest */ = {isa = PBXFileReference; explicitFileType = wrapper.cfbundle; includeInIndex = 0; path = boceto_3Tests.xctest; sourceTree = BUILT_PRODUCTS_DIR; };
		35CAF6D22CA7079F00669502 /* boceto_3UITests.xctest */ = {isa = PBXFileReference; explicitFileType = wrapper.cfbundle; includeInIndex = 0; path = boceto_3UITests.xctest; sourceTree = BUILT_PRODUCTS_DIR; };
/* End PBXFileReference section */

/* Begin PBXFileSystemSynchronizedBuildFileExceptionSet section */
		35CAF6DA2CA7079F00669502 /* Exceptions for "boceto_3" folder in "boceto_3" target */ = {
			isa = PBXFileSystemSynchronizedBuildFileExceptionSet;
			membershipExceptions = (
				Info.plist,
			);
			target = 35CAF6B12CA7079D00669502 /* boceto_3 */;
		};
/* End PBXFileSystemSynchronizedBuildFileExceptionSet section */

/* Begin PBXFileSystemSynchronizedRootGroup section */
		35CAF6B42CA7079D00669502 /* boceto_3 */ = {
			isa = PBXFileSystemSynchronizedRootGroup;
			exceptions = (
				35CAF6DA2CA7079F00669502 /* Exceptions for "boceto_3" folder in "boceto_3" target */,
			);
			path = boceto_3;
			sourceTree = "<group>";
		};
		35CAF6CB2CA7079F00669502 /* boceto_3Tests */ = {
			isa = PBXFileSystemSynchronizedRootGroup;
			path = boceto_3Tests;
			sourceTree = "<group>";
		};
		35CAF6D52CA7079F00669502 /* boceto_3UITests */ = {
			isa = PBXFileSystemSynchronizedRootGroup;
			path = boceto_3UITests;
			sourceTree = "<group>";
		};
/* End PBXFileSystemSynchronizedRootGroup section */

/* Begin PBXFrameworksBuildPhase section */
		35CAF6AF2CA7079D00669502 /* Frameworks */ = {
			isa = PBXFrameworksBuildPhase;
			buildActionMask = 2147483647;
			files = (
			);
			runOnlyForDeploymentPostprocessing = 0;
		};
		35CAF6C52CA7079F00669502 /* Frameworks */ = {
			isa = PBXFrameworksBuildPhase;
			buildActionMask = 2147483647;
			files = (
			);
			runOnlyForDeploymentPostprocessing = 0;
		};
		35CAF6CF2CA7079F00669502 /* Frameworks */ = {
			isa = PBXFrameworksBuildPhase;
			buildActionMask = 2147483647;
			files = (
			);
			runOnlyForDeploymentPostprocessing = 0;
		};
/* End PBXFrameworksBuildPhase section */

/* Begin PBXGroup section */
		35CAF6A92CA7079D00669502 = {
			isa = PBXGroup;
			children = (
				35CAF6B42CA7079D00669502 /* boceto_3 */,
				35CAF6CB2CA7079F00669502 /* boceto_3Tests */,
				35CAF6D52CA7079F00669502 /* boceto_3UITests */,
				35CAF6B32CA7079D00669502 /* Products */,
			);
			sourceTree = "<group>";
		};
		35CAF6B32CA7079D00669502 /* Products */ = {
			isa = PBXGroup;
			children = (
				35CAF6B22CA7079D00669502 /* boceto_3.app */,
				35CAF6C82CA7079F00669502 /* boceto_3Tests.xctest */,
				35CAF6D22CA7079F00669502 /* boceto_3UITests.xctest */,
			);
			name = Products;
			sourceTree = "<group>";
		};
/* End PBXGroup section */

/* Begin PBXNativeTarget section */
		35CAF6B12CA7079D00669502 /* boceto_3 */ = {
			isa = PBXNativeTarget;
			buildConfigurationList = 35CAF6DB2CA7079F00669502 /* Build configuration list for PBXNativeTarget "boceto_3" */;
			buildPhases = (
				35CAF6AE2CA7079D00669502 /* Sources */,
				35CAF6AF2CA7079D00669502 /* Frameworks */,
				35CAF6B02CA7079D00669502 /* Resources */,
			);
			buildRules = (
			);
			dependencies = (
			);
			fileSystemSynchronizedGroups = (
				35CAF6B42CA7079D00669502 /* boceto_3 */,
			);
			name = boceto_3;
			packageProductDependencies = (
			);
			productName = boceto_3;
			productReference = 35CAF6B22CA7079D00669502 /* boceto_3.app */;
			productType = "com.apple.product-type.application";
		};
		35CAF6C72CA7079F00669502 /* boceto_3Tests */ = {
			isa = PBXNativeTarget;
			buildConfigurationList = 35CAF6E02CA7079F00669502 /* Build configuration list for PBXNativeTarget "boceto_3Tests" */;
			buildPhases = (
				35CAF6C42CA7079F00669502 /* Sources */,
				35CAF6C52CA7079F00669502 /* Frameworks */,
				35CAF6C62CA7079F00669502 /* Resources */,
			);
			buildRules = (
			);
			dependencies = (
				35CAF6CA2CA7079F00669502 /* PBXTargetDependency */,
			);
			fileSystemSynchronizedGroups = (
				35CAF6CB2CA7079F00669502 /* boceto_3Tests */,
			);
			name = boceto_3Tests;
			packageProductDependencies = (
			);
			productName = boceto_3Tests;
			productReference = 35CAF6C82CA7079F00669502 /* boceto_3Tests.xctest */;
			productType = "com.apple.product-type.bundle.unit-test";
		};
		35CAF6D12CA7079F00669502 /* boceto_3UITests */ = {
			isa = PBXNativeTarget;
			buildConfigurationList = 35CAF6E32CA7079F00669502 /* Build configuration list for PBXNativeTarget "boceto_3UITests" */;
			buildPhases = (
				35CAF6CE2CA7079F00669502 /* Sources */,
				35CAF6CF2CA7079F00669502 /* Frameworks */,
				35CAF6D02CA7079F00669502 /* Resources */,
			);
			buildRules = (
			);
			dependencies = (
				35CAF6D42CA7079F00669502 /* PBXTargetDependency */,
			);
			fileSystemSynchronizedGroups = (
				35CAF6D52CA7079F00669502 /* boceto_3UITests */,
			);
			name = boceto_3UITests;
			packageProductDependencies = (
			);
			productName = boceto_3UITests;
			productReference = 35CAF6D22CA7079F00669502 /* boceto_3UITests.xctest */;
			productType = "com.apple.product-type.bundle.ui-testing";
		};
/* End PBXNativeTarget section */

/* Begin PBXProject section */
		35CAF6AA2CA7079D00669502 /* Project object */ = {
			isa = PBXProject;
			attributes = {
				BuildIndependentTargetsInParallel = 1;
				LastSwiftUpdateCheck = 1600;
				LastUpgradeCheck = 1600;
				TargetAttributes = {
					35CAF6B12CA7079D00669502 = {
						CreatedOnToolsVersion = 16.0;
					};
					35CAF6C72CA7079F00669502 = {
						CreatedOnToolsVersion = 16.0;
						TestTargetID = 35CAF6B12CA7079D00669502;
					};
					35CAF6D12CA7079F00669502 = {
						CreatedOnToolsVersion = 16.0;
						TestTargetID = 35CAF6B12CA7079D00669502;
					};
				};
			};
			buildConfigurationList = 35CAF6AD2CA7079D00669502 /* Build configuration list for PBXProject "boceto_3" */;
			developmentRegion = en;
			hasScannedForEncodings = 0;
			knownRegions = (
				en,
				Base,
			);
			mainGroup = 35CAF6A92CA7079D00669502;
			minimizedProjectReferenceProxies = 1;
			preferredProjectObjectVersion = 77;
			productRefGroup = 35CAF6B32CA7079D00669502 /* Products */;
			projectDirPath = "";
			projectRoot = "";
			targets = (
				35CAF6B12CA7079D00669502 /* boceto_3 */,
				35CAF6C72CA7079F00669502 /* boceto_3Tests */,
				35CAF6D12CA7079F00669502 /* boceto_3UITests */,
			);
		};
/* End PBXProject section */

/* Begin PBXResourcesBuildPhase section */
		35CAF6B02CA7079D00669502 /* Resources */ = {
			isa = PBXResourcesBuildPhase;
			buildActionMask = 2147483647;
			files = (
			);
			runOnlyForDeploymentPostprocessing = 0;
		};
		35CAF6C62CA7079F00669502 /* Resources */ = {
			isa = PBXResourcesBuildPhase;
			buildActionMask = 2147483647;
			files = (
			);
			runOnlyForDeploymentPostprocessing = 0;
		};
		35CAF6D02CA7079F00669502 /* Resources */ = {
			isa = PBXResourcesBuildPhase;
			buildActionMask = 2147483647;
			files = (
			);
			runOnlyForDeploymentPostprocessing = 0;
		};
/* End PBXResourcesBuildPhase section */

/* Begin PBXSourcesBuildPhase section */
		35CAF6AE2CA7079D00669502 /* Sources */ = {
			isa = PBXSourcesBuildPhase;
			buildActionMask = 2147483647;
			files = (
			);
			runOnlyForDeploymentPostprocessing = 0;
		};
		35CAF6C42CA7079F00669502 /* Sources */ = {
			isa = PBXSourcesBuildPhase;
			buildActionMask = 2147483647;
			files = (
			);
			runOnlyForDeploymentPostprocessing = 0;
		};
		35CAF6CE2CA7079F00669502 /* Sources */ = {
			isa = PBXSourcesBuildPhase;
			buildActionMask = 2147483647;
			files = (
			);
			runOnlyForDeploymentPostprocessing = 0;
		};
/* End PBXSourcesBuildPhase section */

/* Begin PBXTargetDependency section */
		35CAF6CA2CA7079F00669502 /* PBXTargetDependency */ = {
			isa = PBXTargetDependency;
			target = 35CAF6B12CA7079D00669502 /* boceto_3 */;
			targetProxy = 35CAF6C92CA7079F00669502 /* PBXContainerItemProxy */;
		};
		35CAF6D42CA7079F00669502 /* PBXTargetDependency */ = {
			isa = PBXTargetDependency;
			target = 35CAF6B12CA7079D00669502 /* boceto_3 */;
			targetProxy = 35CAF6D32CA7079F00669502 /* PBXContainerItemProxy */;
		};
/* End PBXTargetDependency section */

/* Begin XCBuildConfiguration section */
		35CAF6DC2CA7079F00669502 /* Debug */ = {
			isa = XCBuildConfiguration;
			buildSettings = {
				ASSETCATALOG_COMPILER_APPICON_NAME = AppIcon;
				ASSETCATALOG_COMPILER_GLOBAL_ACCENT_COLOR_NAME = AccentColor;
				CODE_SIGN_STYLE = Automatic;
				CURRENT_PROJECT_VERSION = 1;
				GENERATE_INFOPLIST_FILE = YES;
				INFOPLIST_FILE = boceto_3/Info.plist;
				INFOPLIST_KEY_UIApplicationSupportsIndirectInputEvents = YES;
				INFOPLIST_KEY_UILaunchStoryboardName = LaunchScreen;
				INFOPLIST_KEY_UIMainStoryboardFile = Main;
				INFOPLIST_KEY_UISupportedInterfaceOrientations_iPad = "UIInterfaceOrientationPortrait UIInterfaceOrientationPortraitUpsideDown UIInterfaceOrientationLandscapeLeft UIInterfaceOrientationLandscapeRight";
				INFOPLIST_KEY_UISupportedInterfaceOrientations_iPhone = "UIInterfaceOrientationPortrait UIInterfaceOrientationLandscapeLeft UIInterfaceOrientationLandscapeRight";
				LD_RUNPATH_SEARCH_PATHS = (
					"$(inherited)",
					"@executable_path/Frameworks",
				);
				MARKETING_VERSION = 1.0;
				PRODUCT_BUNDLE_IDENTIFIER = "mx.uacj.bocetos.boceto-vso-1.boceto-3";
				PRODUCT_NAME = "$(TARGET_NAME)";
				SWIFT_EMIT_LOC_STRINGS = YES;
				SWIFT_VERSION = 5.0;
				TARGETED_DEVICE_FAMILY = "1,2";
			};
			name = Debug;
		};
		35CAF6DD2CA7079F00669502 /* Release */ = {
			isa = XCBuildConfiguration;
			buildSettings = {
				ASSETCATALOG_COMPILER_APPICON_NAME = AppIcon;
				ASSETCATALOG_COMPILER_GLOBAL_ACCENT_COLOR_NAME = AccentColor;
				CODE_SIGN_STYLE = Automatic;
				CURRENT_PROJECT_VERSION = 1;
				GENERATE_INFOPLIST_FILE = YES;
				INFOPLIST_FILE = boceto_3/Info.plist;
				INFOPLIST_KEY_UIApplicationSupportsIndirectInputEvents = YES;
				INFOPLIST_KEY_UILaunchStoryboardName = LaunchScreen;
				INFOPLIST_KEY_UIMainStoryboardFile = Main;
				INFOPLIST_KEY_UISupportedInterfaceOrientations_iPad = "UIInterfaceOrientationPortrait UIInterfaceOrientationPortraitUpsideDown UIInterfaceOrientationLandscapeLeft UIInterfaceOrientationLandscapeRight";
				INFOPLIST_KEY_UISupportedInterfaceOrientations_iPhone = "UIInterfaceOrientationPortrait UIInterfaceOrientationLandscapeLeft UIInterfaceOrientationLandscapeRight";
				LD_RUNPATH_SEARCH_PATHS = (
					"$(inherited)",
					"@executable_path/Frameworks",
				);
				MARKETING_VERSION = 1.0;
				PRODUCT_BUNDLE_IDENTIFIER = "mx.uacj.bocetos.boceto-vso-1.boceto-3";
				PRODUCT_NAME = "$(TARGET_NAME)";
				SWIFT_EMIT_LOC_STRINGS = YES;
				SWIFT_VERSION = 5.0;
				TARGETED_DEVICE_FAMILY = "1,2";
			};
			name = Release;
		};
		35CAF6DE2CA7079F00669502 /* Debug */ = {
			isa = XCBuildConfiguration;
			buildSettings = {
				ALWAYS_SEARCH_USER_PATHS = NO;
				ASSETCATALOG_COMPILER_GENERATE_SWIFT_ASSET_SYMBOL_EXTENSIONS = YES;
				CLANG_ANALYZER_NONNULL = YES;
				CLANG_ANALYZER_NUMBER_OBJECT_CONVERSION = YES_AGGRESSIVE;
				CLANG_CXX_LANGUAGE_STANDARD = "gnu++20";
				CLANG_ENABLE_MODULES = YES;
				CLANG_ENABLE_OBJC_ARC = YES;
				CLANG_ENABLE_OBJC_WEAK = YES;
				CLANG_WARN_BLOCK_CAPTURE_AUTORELEASING = YES;
				CLANG_WARN_BOOL_CONVERSION = YES;
				CLANG_WARN_COMMA = YES;
				CLANG_WARN_CONSTANT_CONVERSION = YES;
				CLANG_WARN_DEPRECATED_OBJC_IMPLEMENTATIONS = YES;
				CLANG_WARN_DIRECT_OBJC_ISA_USAGE = YES_ERROR;
				CLANG_WARN_DOCUMENTATION_COMMENTS = YES;
				CLANG_WARN_EMPTY_BODY = YES;
				CLANG_WARN_ENUM_CONVERSION = YES;
				CLANG_WARN_INFINITE_RECURSION = YES;
				CLANG_WARN_INT_CONVERSION = YES;
				CLANG_WARN_NON_LITERAL_NULL_CONVERSION = YES;
				CLANG_WARN_OBJC_IMPLICIT_RETAIN_SELF = YES;
				CLANG_WARN_OBJC_LITERAL_CONVERSION = YES;
				CLANG_WARN_OBJC_ROOT_CLASS = YES_ERROR;
				CLANG_WARN_QUOTED_INCLUDE_IN_FRAMEWORK_HEADER = YES;
				CLANG_WARN_RANGE_LOOP_ANALYSIS = YES;
				CLANG_WARN_STRICT_PROTOTYPES = YES;
				CLANG_WARN_SUSPICIOUS_MOVE = YES;
				CLANG_WARN_UNGUARDED_AVAILABILITY = YES_AGGRESSIVE;
				CLANG_WARN_UNREACHABLE_CODE = YES;
				CLANG_WARN__DUPLICATE_METHOD_MATCH = YES;
				COPY_PHASE_STRIP = NO;
				DEBUG_INFORMATION_FORMAT = dwarf;
				ENABLE_STRICT_OBJC_MSGSEND = YES;
				ENABLE_TESTABILITY = YES;
				ENABLE_USER_SCRIPT_SANDBOXING = YES;
				GCC_C_LANGUAGE_STANDARD = gnu17;
				GCC_DYNAMIC_NO_PIC = NO;
				GCC_NO_COMMON_BLOCKS = YES;
				GCC_OPTIMIZATION_LEVEL = 0;
				GCC_PREPROCESSOR_DEFINITIONS = (
					"DEBUG=1",
					"$(inherited)",
				);
				GCC_WARN_64_TO_32_BIT_CONVERSION = YES;
				GCC_WARN_ABOUT_RETURN_TYPE = YES_ERROR;
				GCC_WARN_UNDECLARED_SELECTOR = YES;
				GCC_WARN_UNINITIALIZED_AUTOS = YES_AGGRESSIVE;
				GCC_WARN_UNUSED_FUNCTION = YES;
				GCC_WARN_UNUSED_VARIABLE = YES;
				IPHONEOS_DEPLOYMENT_TARGET = 18.0;
				LOCALIZATION_PREFERS_STRING_CATALOGS = YES;
				MTL_ENABLE_DEBUG_INFO = INCLUDE_SOURCE;
				MTL_FAST_MATH = YES;
				ONLY_ACTIVE_ARCH = YES;
				SDKROOT = iphoneos;
				SWIFT_ACTIVE_COMPILATION_CONDITIONS = "DEBUG $(inherited)";
				SWIFT_OPTIMIZATION_LEVEL = "-Onone";
			};
			name = Debug;
		};
		35CAF6DF2CA7079F00669502 /* Release */ = {
			isa = XCBuildConfiguration;
			buildSettings = {
				ALWAYS_SEARCH_USER_PATHS = NO;
				ASSETCATALOG_COMPILER_GENERATE_SWIFT_ASSET_SYMBOL_EXTENSIONS = YES;
				CLANG_ANALYZER_NONNULL = YES;
				CLANG_ANALYZER_NUMBER_OBJECT_CONVERSION = YES_AGGRESSIVE;
				CLANG_CXX_LANGUAGE_STANDARD = "gnu++20";
				CLANG_ENABLE_MODULES = YES;
				CLANG_ENABLE_OBJC_ARC = YES;
				CLANG_ENABLE_OBJC_WEAK = YES;
				CLANG_WARN_BLOCK_CAPTURE_AUTORELEASING = YES;
				CLANG_WARN_BOOL_CONVERSION = YES;
				CLANG_WARN_COMMA = YES;
				CLANG_WARN_CONSTANT_CONVERSION = YES;
				CLANG_WARN_DEPRECATED_OBJC_IMPLEMENTATIONS = YES;
				CLANG_WARN_DIRECT_OBJC_ISA_USAGE = YES_ERROR;
				CLANG_WARN_DOCUMENTATION_COMMENTS = YES;
				CLANG_WARN_EMPTY_BODY = YES;
				CLANG_WARN_ENUM_CONVERSION = YES;
				CLANG_WARN_INFINITE_RECURSION = YES;
				CLANG_WARN_INT_CONVERSION = YES;
				CLANG_WARN_NON_LITERAL_NULL_CONVERSION = YES;
				CLANG_WARN_OBJC_IMPLICIT_RETAIN_SELF = YES;
				CLANG_WARN_OBJC_LITERAL_CONVERSION = YES;
				CLANG_WARN_OBJC_ROOT_CLASS = YES_ERROR;
				CLANG_WARN_QUOTED_INCLUDE_IN_FRAMEWORK_HEADER = YES;
				CLANG_WARN_RANGE_LOOP_ANALYSIS = YES;
				CLANG_WARN_STRICT_PROTOTYPES = YES;
				CLANG_WARN_SUSPICIOUS_MOVE = YES;
				CLANG_WARN_UNGUARDED_AVAILABILITY = YES_AGGRESSIVE;
				CLANG_WARN_UNREACHABLE_CODE = YES;
				CLANG_WARN__DUPLICATE_METHOD_MATCH = YES;
				COPY_PHASE_STRIP = NO;
				DEBUG_INFORMATION_FORMAT = "dwarf-with-dsym";
				ENABLE_NS_ASSERTIONS = NO;
				ENABLE_STRICT_OBJC_MSGSEND = YES;
				ENABLE_USER_SCRIPT_SANDBOXING = YES;
				GCC_C_LANGUAGE_STANDARD = gnu17;
				GCC_NO_COMMON_BLOCKS = YES;
				GCC_WARN_64_TO_32_BIT_CONVERSION = YES;
				GCC_WARN_ABOUT_RETURN_TYPE = YES_ERROR;
				GCC_WARN_UNDECLARED_SELECTOR = YES;
				GCC_WARN_UNINITIALIZED_AUTOS = YES_AGGRESSIVE;
				GCC_WARN_UNUSED_FUNCTION = YES;
				GCC_WARN_UNUSED_VARIABLE = YES;
				IPHONEOS_DEPLOYMENT_TARGET = 18.0;
				LOCALIZATION_PREFERS_STRING_CATALOGS = YES;
				MTL_ENABLE_DEBUG_INFO = NO;
				MTL_FAST_MATH = YES;
				SDKROOT = iphoneos;
				SWIFT_COMPILATION_MODE = wholemodule;
				VALIDATE_PRODUCT = YES;
			};
			name = Release;
		};
		35CAF6E12CA7079F00669502 /* Debug */ = {
			isa = XCBuildConfiguration;
			buildSettings = {
				BUNDLE_LOADER = "$(TEST_HOST)";
				CODE_SIGN_STYLE = Automatic;
				CURRENT_PROJECT_VERSION = 1;
				GENERATE_INFOPLIST_FILE = YES;
				IPHONEOS_DEPLOYMENT_TARGET = 18.0;
				MARKETING_VERSION = 1.0;
				PRODUCT_BUNDLE_IDENTIFIER = "mx.uacj.bocetos.boceto-vso-1.boceto-3Tests";
				PRODUCT_NAME = "$(TARGET_NAME)";
				SWIFT_EMIT_LOC_STRINGS = NO;
				SWIFT_VERSION = 5.0;
				TARGETED_DEVICE_FAMILY = "1,2";
				TEST_HOST = "$(BUILT_PRODUCTS_DIR)/boceto_3.app/$(BUNDLE_EXECUTABLE_FOLDER_PATH)/boceto_3";
			};
			name = Debug;
		};
		35CAF6E22CA7079F00669502 /* Release */ = {
			isa = XCBuildConfiguration;
			buildSettings = {
				BUNDLE_LOADER = "$(TEST_HOST)";
				CODE_SIGN_STYLE = Automatic;
				CURRENT_PROJECT_VERSION = 1;
				GENERATE_INFOPLIST_FILE = YES;
				IPHONEOS_DEPLOYMENT_TARGET = 18.0;
				MARKETING_VERSION = 1.0;
				PRODUCT_BUNDLE_IDENTIFIER = "mx.uacj.bocetos.boceto-vso-1.boceto-3Tests";
				PRODUCT_NAME = "$(TARGET_NAME)";
				SWIFT_EMIT_LOC_STRINGS = NO;
				SWIFT_VERSION = 5.0;
				TARGETED_DEVICE_FAMILY = "1,2";
				TEST_HOST = "$(BUILT_PRODUCTS_DIR)/boceto_3.app/$(BUNDLE_EXECUTABLE_FOLDER_PATH)/boceto_3";
			};
			name = Release;
		};
		35CAF6E42CA7079F00669502 /* Debug */ = {
			isa = XCBuildConfiguration;
			buildSettings = {
				CODE_SIGN_STYLE = Automatic;
				CURRENT_PROJECT_VERSION = 1;
				GENERATE_INFOPLIST_FILE = YES;
				MARKETING_VERSION = 1.0;
				PRODUCT_BUNDLE_IDENTIFIER = "mx.uacj.bocetos.boceto-vso-1.boceto-3UITests";
				PRODUCT_NAME = "$(TARGET_NAME)";
				SWIFT_EMIT_LOC_STRINGS = NO;
				SWIFT_VERSION = 5.0;
				TARGETED_DEVICE_FAMILY = "1,2";
				TEST_TARGET_NAME = boceto_3;
			};
			name = Debug;
		};
		35CAF6E52CA7079F00669502 /* Release */ = {
			isa = XCBuildConfiguration;
			buildSettings = {
				CODE_SIGN_STYLE = Automatic;
				CURRENT_PROJECT_VERSION = 1;
				GENERATE_INFOPLIST_FILE = YES;
				MARKETING_VERSION = 1.0;
				PRODUCT_BUNDLE_IDENTIFIER = "mx.uacj.bocetos.boceto-vso-1.boceto-3UITests";
				PRODUCT_NAME = "$(TARGET_NAME)";
				SWIFT_EMIT_LOC_STRINGS = NO;
				SWIFT_VERSION = 5.0;
				TARGETED_DEVICE_FAMILY = "1,2";
				TEST_TARGET_NAME = boceto_3;
			};
			name = Release;
		};
/* End XCBuildConfiguration section */

/* Begin XCConfigurationList section */
		35CAF6AD2CA7079D00669502 /* Build configuration list for PBXProject "boceto_3" */ = {
			isa = XCConfigurationList;
			buildConfigurations = (
				35CAF6DE2CA7079F00669502 /* Debug */,
				35CAF6DF2CA7079F00669502 /* Release */,
			);
			defaultConfigurationIsVisible = 0;
			defaultConfigurationName = Release;
		};
		35CAF6DB2CA7079F00669502 /* Build configuration list for PBXNativeTarget "boceto_3" */ = {
			isa = XCConfigurationList;
			buildConfigurations = (
				35CAF6DC2CA7079F00669502 /* Debug */,
				35CAF6DD2CA7079F00669502 /* Release */,
			);
			defaultConfigurationIsVisible = 0;
			defaultConfigurationName = Release;
		};
		35CAF6E02CA7079F00669502 /* Build configuration list for PBXNativeTarget "boceto_3Tests" */ = {
			isa = XCConfigurationList;
			buildConfigurations = (
				35CAF6E12CA7079F00669502 /* Debug */,
				35CAF6E22CA7079F00669502 /* Release */,
			);
			defaultConfigurationIsVisible = 0;
			defaultConfigurationName = Release;
		};
		35CAF6E32CA7079F00669502 /* Build configuration list for PBXNativeTarget "boceto_3UITests" */ = {
			isa = XCConfigurationList;
			buildConfigurations = (
				35CAF6E42CA7079F00669502 /* Debug */,
				35CAF6E52CA7079F00669502 /* Release */,
			);
			defaultConfigurationIsVisible = 0;
			defaultConfigurationName = Release;
		};
/* End XCConfigurationList section */
	};
	rootObject = 35CAF6AA2CA7079D00669502 /* Project object */;
}
